// !$*UTF8*$!
{
	archiveVersion = 1;
	classes = {
	};
	objectVersion = 56;
	objects = {

/* Begin PBXBuildFile section */
		B87FE65A2BCC0C1700EC1E85 /* SpotifyApp.swift in Sources */ = {isa = PBXBuildFile; fileRef = B87FE6592BCC0C1700EC1E85 /* SpotifyApp.swift */; };
		B87FE65C2BCC0C1700EC1E85 /* ContentView.swift in Sources */ = {isa = PBXBuildFile; fileRef = B87FE65B2BCC0C1700EC1E85 /* ContentView.swift */; };
		B87FE65E2BCC0C1800EC1E85 /* Assets.xcassets in Resources */ = {isa = PBXBuildFile; fileRef = B87FE65D2BCC0C1800EC1E85 /* Assets.xcassets */; };
		B87FE6612BCC0C1800EC1E85 /* Preview Assets.xcassets in Resources */ = {isa = PBXBuildFile; fileRef = B87FE6602BCC0C1800EC1E85 /* Preview Assets.xcassets */; };
		B87FE66B2BCC0C1900EC1E85 /* SpotifyTests.swift in Sources */ = {isa = PBXBuildFile; fileRef = B87FE66A2BCC0C1900EC1E85 /* SpotifyTests.swift */; };
		B87FE6752BCC0C1900EC1E85 /* SpotifyUITests.swift in Sources */ = {isa = PBXBuildFile; fileRef = B87FE6742BCC0C1900EC1E85 /* SpotifyUITests.swift */; };
		B87FE6772BCC0C1900EC1E85 /* SpotifyUITestsLaunchTests.swift in Sources */ = {isa = PBXBuildFile; fileRef = B87FE6762BCC0C1900EC1E85 /* SpotifyUITestsLaunchTests.swift */; };
/* End PBXBuildFile section */

/* Begin PBXContainerItemProxy section */
		B87FE6672BCC0C1900EC1E85 /* PBXContainerItemProxy */ = {
			isa = PBXContainerItemProxy;
			containerPortal = B87FE64E2BCC0C1700EC1E85 /* Project object */;
			proxyType = 1;
			remoteGlobalIDString = B87FE6552BCC0C1700EC1E85;
			remoteInfo = Spotify;
		};
		B87FE6712BCC0C1900EC1E85 /* PBXContainerItemProxy */ = {
			isa = PBXContainerItemProxy;
			containerPortal = B87FE64E2BCC0C1700EC1E85 /* Project object */;
			proxyType = 1;
			remoteGlobalIDString = B87FE6552BCC0C1700EC1E85;
			remoteInfo = Spotify;
		};
/* End PBXContainerItemProxy section */

/* Begin PBXFileReference section */
		B87FE6562BCC0C1700EC1E85 /* Spotify.app */ = {isa = PBXFileReference; explicitFileType = wrapper.application; includeInIndex = 0; path = Spotify.app; sourceTree = BUILT_PRODUCTS_DIR; };
		B87FE6592BCC0C1700EC1E85 /* SpotifyApp.swift */ = {isa = PBXFileReference; lastKnownFileType = sourcecode.swift; path = SpotifyApp.swift; sourceTree = "<group>"; };
		B87FE65B2BCC0C1700EC1E85 /* ContentView.swift */ = {isa = PBXFileReference; lastKnownFileType = sourcecode.swift; path = ContentView.swift; sourceTree = "<group>"; };
		B87FE65D2BCC0C1800EC1E85 /* Assets.xcassets */ = {isa = PBXFileReference; lastKnownFileType = folder.assetcatalog; path = Assets.xcassets; sourceTree = "<group>"; };
		B87FE6602BCC0C1800EC1E85 /* Preview Assets.xcassets */ = {isa = PBXFileReference; lastKnownFileType = folder.assetcatalog; path = "Preview Assets.xcassets"; sourceTree = "<group>"; };
		B87FE6662BCC0C1900EC1E85 /* SpotifyTests.xctest */ = {isa = PBXFileReference; explicitFileType = wrapper.cfbundle; includeInIndex = 0; path = SpotifyTests.xctest; sourceTree = BUILT_PRODUCTS_DIR; };
		B87FE66A2BCC0C1900EC1E85 /* SpotifyTests.swift */ = {isa = PBXFileReference; lastKnownFileType = sourcecode.swift; path = SpotifyTests.swift; sourceTree = "<group>"; };
		B87FE6702BCC0C1900EC1E85 /* SpotifyUITests.xctest */ = {isa = PBXFileReference; explicitFileType = wrapper.cfbundle; includeInIndex = 0; path = SpotifyUITests.xctest; sourceTree = BUILT_PRODUCTS_DIR; };
		B87FE6742BCC0C1900EC1E85 /* SpotifyUITests.swift */ = {isa = PBXFileReference; lastKnownFileType = sourcecode.swift; path = SpotifyUITests.swift; sourceTree = "<group>"; };
		B87FE6762BCC0C1900EC1E85 /* SpotifyUITestsLaunchTests.swift */ = {isa = PBXFileReference; lastKnownFileType = sourcecode.swift; path = SpotifyUITestsLaunchTests.swift; sourceTree = "<group>"; };
/* End PBXFileReference section */

/* Begin PBXFrameworksBuildPhase section */
		B87FE6532BCC0C1700EC1E85 /* Frameworks */ = {
			isa = PBXFrameworksBuildPhase;
			buildActionMask = 2147483647;
			files = (
			);
			runOnlyForDeploymentPostprocessing = 0;
		};
		B87FE6632BCC0C1900EC1E85 /* Frameworks */ = {
			isa = PBXFrameworksBuildPhase;
			buildActionMask = 2147483647;
			files = (
			);
			runOnlyForDeploymentPostprocessing = 0;
		};
		B87FE66D2BCC0C1900EC1E85 /* Frameworks */ = {
			isa = PBXFrameworksBuildPhase;
			buildActionMask = 2147483647;
			files = (
			);
			runOnlyForDeploymentPostprocessing = 0;
		};
/* End PBXFrameworksBuildPhase section */

/* Begin PBXGroup section */
		B87FE64D2BCC0C1700EC1E85 = {
			isa = PBXGroup;
			children = (
				B87FE6582BCC0C1700EC1E85 /* Spotify */,
				B87FE6692BCC0C1900EC1E85 /* SpotifyTests */,
				B87FE6732BCC0C1900EC1E85 /* SpotifyUITests */,
				B87FE6572BCC0C1700EC1E85 /* Products */,
			);
			sourceTree = "<group>";
		};
		B87FE6572BCC0C1700EC1E85 /* Products */ = {
			isa = PBXGroup;
			children = (
				B87FE6562BCC0C1700EC1E85 /* Spotify.app */,
				B87FE6662BCC0C1900EC1E85 /* SpotifyTests.xctest */,
				B87FE6702BCC0C1900EC1E85 /* SpotifyUITests.xctest */,
			);
			name = Products;
			sourceTree = "<group>";
		};
		B87FE6582BCC0C1700EC1E85 /* Spotify */ = {
			isa = PBXGroup;
			children = (
				B87FE6592BCC0C1700EC1E85 /* SpotifyApp.swift */,
				B87FE65B2BCC0C1700EC1E85 /* ContentView.swift */,
				B87FE65D2BCC0C1800EC1E85 /* Assets.xcassets */,
				B87FE65F2BCC0C1800EC1E85 /* Preview Content */,
			);
			path = Spotify;
			sourceTree = "<group>";
		};
		B87FE65F2BCC0C1800EC1E85 /* Preview Content */ = {
			isa = PBXGroup;
			children = (
				B87FE6602BCC0C1800EC1E85 /* Preview Assets.xcassets */,
			);
			path = "Preview Content";
			sourceTree = "<group>";
		};
		B87FE6692BCC0C1900EC1E85 /* SpotifyTests */ = {
			isa = PBXGroup;
			children = (
				B87FE66A2BCC0C1900EC1E85 /* SpotifyTests.swift */,
			);
			path = SpotifyTests;
			sourceTree = "<group>";
		};
		B87FE6732BCC0C1900EC1E85 /* SpotifyUITests */ = {
			isa = PBXGroup;
			children = (
				B87FE6742BCC0C1900EC1E85 /* SpotifyUITests.swift */,
				B87FE6762BCC0C1900EC1E85 /* SpotifyUITestsLaunchTests.swift */,
			);
			path = SpotifyUITests;
			sourceTree = "<group>";
		};
/* End PBXGroup section */

/* Begin PBXNativeTarget section */
		B87FE6552BCC0C1700EC1E85 /* Spotify */ = {
			isa = PBXNativeTarget;
			buildConfigurationList = B87FE67A2BCC0C1900EC1E85 /* Build configuration list for PBXNativeTarget "Spotify" */;
			buildPhases = (
				B87FE6522BCC0C1700EC1E85 /* Sources */,
				B87FE6532BCC0C1700EC1E85 /* Frameworks */,
				B87FE6542BCC0C1700EC1E85 /* Resources */,
			);
			buildRules = (
			);
			dependencies = (
			);
			name = Spotify;
			productName = Spotify;
			productReference = B87FE6562BCC0C1700EC1E85 /* Spotify.app */;
			productType = "com.apple.product-type.application";
		};
		B87FE6652BCC0C1900EC1E85 /* SpotifyTests */ = {
			isa = PBXNativeTarget;
			buildConfigurationList = B87FE67D2BCC0C1900EC1E85 /* Build configuration list for PBXNativeTarget "SpotifyTests" */;
			buildPhases = (
				B87FE6622BCC0C1900EC1E85 /* Sources */,
				B87FE6632BCC0C1900EC1E85 /* Frameworks */,
				B87FE6642BCC0C1900EC1E85 /* Resources */,
			);
			buildRules = (
			);
			dependencies = (
				B87FE6682BCC0C1900EC1E85 /* PBXTargetDependency */,
			);
			name = SpotifyTests;
			productName = SpotifyTests;
			productReference = B87FE6662BCC0C1900EC1E85 /* SpotifyTests.xctest */;
			productType = "com.apple.product-type.bundle.unit-test";
		};
		B87FE66F2BCC0C1900EC1E85 /* SpotifyUITests */ = {
			isa = PBXNativeTarget;
			buildConfigurationList = B87FE6802BCC0C1900EC1E85 /* Build configuration list for PBXNativeTarget "SpotifyUITests" */;
			buildPhases = (
				B87FE66C2BCC0C1900EC1E85 /* Sources */,
				B87FE66D2BCC0C1900EC1E85 /* Frameworks */,
				B87FE66E2BCC0C1900EC1E85 /* Resources */,
			);
			buildRules = (
			);
			dependencies = (
				B87FE6722BCC0C1900EC1E85 /* PBXTargetDependency */,
			);
			name = SpotifyUITests;
			productName = SpotifyUITests;
			productReference = B87FE6702BCC0C1900EC1E85 /* SpotifyUITests.xctest */;
			productType = "com.apple.product-type.bundle.ui-testing";
		};
/* End PBXNativeTarget section */

/* Begin PBXProject section */
		B87FE64E2BCC0C1700EC1E85 /* Project object */ = {
			isa = PBXProject;
			attributes = {
				BuildIndependentTargetsInParallel = 1;
				LastSwiftUpdateCheck = 1530;
				LastUpgradeCheck = 1530;
				TargetAttributes = {
					B87FE6552BCC0C1700EC1E85 = {
						CreatedOnToolsVersion = 15.3;
					};
					B87FE6652BCC0C1900EC1E85 = {
						CreatedOnToolsVersion = 15.3;
						TestTargetID = B87FE6552BCC0C1700EC1E85;
					};
					B87FE66F2BCC0C1900EC1E85 = {
						CreatedOnToolsVersion = 15.3;
						TestTargetID = B87FE6552BCC0C1700EC1E85;
					};
				};
			};
			buildConfigurationList = B87FE6512BCC0C1700EC1E85 /* Build configuration list for PBXProject "Spotify" */;
			compatibilityVersion = "Xcode 14.0";
			developmentRegion = en;
			hasScannedForEncodings = 0;
			knownRegions = (
				en,
				Base,
			);
			mainGroup = B87FE64D2BCC0C1700EC1E85;
			productRefGroup = B87FE6572BCC0C1700EC1E85 /* Products */;
			projectDirPath = "";
			projectRoot = "";
			targets = (
				B87FE6552BCC0C1700EC1E85 /* Spotify */,
				B87FE6652BCC0C1900EC1E85 /* SpotifyTests */,
				B87FE66F2BCC0C1900EC1E85 /* SpotifyUITests */,
			);
		};
/* End PBXProject section */

/* Begin PBXResourcesBuildPhase section */
		B87FE6542BCC0C1700EC1E85 /* Resources */ = {
			isa = PBXResourcesBuildPhase;
			buildActionMask = 2147483647;
			files = (
				B87FE6612BCC0C1800EC1E85 /* Preview Assets.xcassets in Resources */,
				B87FE65E2BCC0C1800EC1E85 /* Assets.xcassets in Resources */,
			);
			runOnlyForDeploymentPostprocessing = 0;
		};
		B87FE6642BCC0C1900EC1E85 /* Resources */ = {
			isa = PBXResourcesBuildPhase;
			buildActionMask = 2147483647;
			files = (
			);
			runOnlyForDeploymentPostprocessing = 0;
		};
		B87FE66E2BCC0C1900EC1E85 /* Resources */ = {
			isa = PBXResourcesBuildPhase;
			buildActionMask = 2147483647;
			files = (
			);
			runOnlyForDeploymentPostprocessing = 0;
		};
/* End PBXResourcesBuildPhase section */

/* Begin PBXSourcesBuildPhase section */
		B87FE6522BCC0C1700EC1E85 /* Sources */ = {
			isa = PBXSourcesBuildPhase;
			buildActionMask = 2147483647;
			files = (
				B87FE65C2BCC0C1700EC1E85 /* ContentView.swift in Sources */,
				B87FE65A2BCC0C1700EC1E85 /* SpotifyApp.swift in Sources */,
			);
			runOnlyForDeploymentPostprocessing = 0;
		};
		B87FE6622BCC0C1900EC1E85 /* Sources */ = {
			isa = PBXSourcesBuildPhase;
			buildActionMask = 2147483647;
			files = (
				B87FE66B2BCC0C1900EC1E85 /* SpotifyTests.swift in Sources */,
			);
			runOnlyForDeploymentPostprocessing = 0;
		};
		B87FE66C2BCC0C1900EC1E85 /* Sources */ = {
			isa = PBXSourcesBuildPhase;
			buildActionMask = 2147483647;
			files = (
				B87FE6752BCC0C1900EC1E85 /* SpotifyUITests.swift in Sources */,
				B87FE6772BCC0C1900EC1E85 /* SpotifyUITestsLaunchTests.swift in Sources */,
			);
			runOnlyForDeploymentPostprocessing = 0;
		};
/* End PBXSourcesBuildPhase section */

/* Begin PBXTargetDependency section */
		B87FE6682BCC0C1900EC1E85 /* PBXTargetDependency */ = {
			isa = PBXTargetDependency;
			target = B87FE6552BCC0C1700EC1E85 /* Spotify */;
			targetProxy = B87FE6672BCC0C1900EC1E85 /* PBXContainerItemProxy */;
		};
		B87FE6722BCC0C1900EC1E85 /* PBXTargetDependency */ = {
			isa = PBXTargetDependency;
			target = B87FE6552BCC0C1700EC1E85 /* Spotify */;
			targetProxy = B87FE6712BCC0C1900EC1E85 /* PBXContainerItemProxy */;
		};
/* End PBXTargetDependency section */

/* Begin XCBuildConfiguration section */
		B87FE6782BCC0C1900EC1E85 /* Debug */ = {
			isa = XCBuildConfiguration;
			buildSettings = {
				ALWAYS_SEARCH_USER_PATHS = NO;
				ASSETCATALOG_COMPILER_GENERATE_SWIFT_ASSET_SYMBOL_EXTENSIONS = YES;
				CLANG_ANALYZER_NONNULL = YES;
				CLANG_ANALYZER_NUMBER_OBJECT_CONVERSION = YES_AGGRESSIVE;
				CLANG_CXX_LANGUAGE_STANDARD = "gnu++20";
				CLANG_ENABLE_MODULES = YES;
				CLANG_ENABLE_OBJC_ARC = YES;
				CLANG_ENABLE_OBJC_WEAK = YES;
				CLANG_WARN_BLOCK_CAPTURE_AUTORELEASING = YES;
				CLANG_WARN_BOOL_CONVERSION = YES;
				CLANG_WARN_COMMA = YES;
				CLANG_WARN_CONSTANT_CONVERSION = YES;
				CLANG_WARN_DEPRECATED_OBJC_IMPLEMENTATIONS = YES;
				CLANG_WARN_DIRECT_OBJC_ISA_USAGE = YES_ERROR;
				CLANG_WARN_DOCUMENTATION_COMMENTS = YES;
				CLANG_WARN_EMPTY_BODY = YES;
				CLANG_WARN_ENUM_CONVERSION = YES;
				CLANG_WARN_INFINITE_RECURSION = YES;
				CLANG_WARN_INT_CONVERSION = YES;
				CLANG_WARN_NON_LITERAL_NULL_CONVERSION = YES;
				CLANG_WARN_OBJC_IMPLICIT_RETAIN_SELF = YES;
				CLANG_WARN_OBJC_LITERAL_CONVERSION = YES;
				CLANG_WARN_OBJC_ROOT_CLASS = YES_ERROR;
				CLANG_WARN_QUOTED_INCLUDE_IN_FRAMEWORK_HEADER = YES;
				CLANG_WARN_RANGE_LOOP_ANALYSIS = YES;
				CLANG_WARN_STRICT_PROTOTYPES = YES;
				CLANG_WARN_SUSPICIOUS_MOVE = YES;
				CLANG_WARN_UNGUARDED_AVAILABILITY = YES_AGGRESSIVE;
				CLANG_WARN_UNREACHABLE_CODE = YES;
				CLANG_WARN__DUPLICATE_METHOD_MATCH = YES;
				COPY_PHASE_STRIP = NO;
				DEBUG_INFORMATION_FORMAT = dwarf;
				ENABLE_STRICT_OBJC_MSGSEND = YES;
				ENABLE_TESTABILITY = YES;
				ENABLE_USER_SCRIPT_SANDBOXING = YES;
				GCC_C_LANGUAGE_STANDARD = gnu17;
				GCC_DYNAMIC_NO_PIC = NO;
				GCC_NO_COMMON_BLOCKS = YES;
				GCC_OPTIMIZATION_LEVEL = 0;
				GCC_PREPROCESSOR_DEFINITIONS = (
					"DEBUG=1",
					"$(inherited)",
				);
				GCC_WARN_64_TO_32_BIT_CONVERSION = YES;
				GCC_WARN_ABOUT_RETURN_TYPE = YES_ERROR;
				GCC_WARN_UNDECLARED_SELECTOR = YES;
				GCC_WARN_UNINITIALIZED_AUTOS = YES_AGGRESSIVE;
				GCC_WARN_UNUSED_FUNCTION = YES;
				GCC_WARN_UNUSED_VARIABLE = YES;
				IPHONEOS_DEPLOYMENT_TARGET = 17.4;
				LOCALIZATION_PREFERS_STRING_CATALOGS = YES;
				MTL_ENABLE_DEBUG_INFO = INCLUDE_SOURCE;
				MTL_FAST_MATH = YES;
				ONLY_ACTIVE_ARCH = YES;
				SDKROOT = iphoneos;
				SWIFT_ACTIVE_COMPILATION_CONDITIONS = "DEBUG $(inherited)";
				SWIFT_OPTIMIZATION_LEVEL = "-Onone";
			};
			name = Debug;
		};
		B87FE6792BCC0C1900EC1E85 /* Release */ = {
			isa = XCBuildConfiguration;
			buildSettings = {
				ALWAYS_SEARCH_USER_PATHS = NO;
				ASSETCATALOG_COMPILER_GENERATE_SWIFT_ASSET_SYMBOL_EXTENSIONS = YES;
				CLANG_ANALYZER_NONNULL = YES;
				CLANG_ANALYZER_NUMBER_OBJECT_CONVERSION = YES_AGGRESSIVE;
				CLANG_CXX_LANGUAGE_STANDARD = "gnu++20";
				CLANG_ENABLE_MODULES = YES;
				CLANG_ENABLE_OBJC_ARC = YES;
				CLANG_ENABLE_OBJC_WEAK = YES;
				CLANG_WARN_BLOCK_CAPTURE_AUTORELEASING = YES;
				CLANG_WARN_BOOL_CONVERSION = YES;
				CLANG_WARN_COMMA = YES;
				CLANG_WARN_CONSTANT_CONVERSION = YES;
				CLANG_WARN_DEPRECATED_OBJC_IMPLEMENTATIONS = YES;
				CLANG_WARN_DIRECT_OBJC_ISA_USAGE = YES_ERROR;
				CLANG_WARN_DOCUMENTATION_COMMENTS = YES;
				CLANG_WARN_EMPTY_BODY = YES;
				CLANG_WARN_ENUM_CONVERSION = YES;
				CLANG_WARN_INFINITE_RECURSION = YES;
				CLANG_WARN_INT_CONVERSION = YES;
				CLANG_WARN_NON_LITERAL_NULL_CONVERSION = YES;
				CLANG_WARN_OBJC_IMPLICIT_RETAIN_SELF = YES;
				CLANG_WARN_OBJC_LITERAL_CONVERSION = YES;
				CLANG_WARN_OBJC_ROOT_CLASS = YES_ERROR;
				CLANG_WARN_QUOTED_INCLUDE_IN_FRAMEWORK_HEADER = YES;
				CLANG_WARN_RANGE_LOOP_ANALYSIS = YES;
				CLANG_WARN_STRICT_PROTOTYPES = YES;
				CLANG_WARN_SUSPICIOUS_MOVE = YES;
				CLANG_WARN_UNGUARDED_AVAILABILITY = YES_AGGRESSIVE;
				CLANG_WARN_UNREACHABLE_CODE = YES;
				CLANG_WARN__DUPLICATE_METHOD_MATCH = YES;
				COPY_PHASE_STRIP = NO;
				DEBUG_INFORMATION_FORMAT = "dwarf-with-dsym";
				ENABLE_NS_ASSERTIONS = NO;
				ENABLE_STRICT_OBJC_MSGSEND = YES;
				ENABLE_USER_SCRIPT_SANDBOXING = YES;
				GCC_C_LANGUAGE_STANDARD = gnu17;
				GCC_NO_COMMON_BLOCKS = YES;
				GCC_WARN_64_TO_32_BIT_CONVERSION = YES;
				GCC_WARN_ABOUT_RETURN_TYPE = YES_ERROR;
				GCC_WARN_UNDECLARED_SELECTOR = YES;
				GCC_WARN_UNINITIALIZED_AUTOS = YES_AGGRESSIVE;
				GCC_WARN_UNUSED_FUNCTION = YES;
				GCC_WARN_UNUSED_VARIABLE = YES;
				IPHONEOS_DEPLOYMENT_TARGET = 17.4;
				LOCALIZATION_PREFERS_STRING_CATALOGS = YES;
				MTL_ENABLE_DEBUG_INFO = NO;
				MTL_FAST_MATH = YES;
				SDKROOT = iphoneos;
				SWIFT_COMPILATION_MODE = wholemodule;
				VALIDATE_PRODUCT = YES;
			};
			name = Release;
		};
		B87FE67B2BCC0C1900EC1E85 /* Debug */ = {
			isa = XCBuildConfiguration;
			buildSettings = {
				ASSETCATALOG_COMPILER_APPICON_NAME = AppIcon;
				ASSETCATALOG_COMPILER_GLOBAL_ACCENT_COLOR_NAME = AccentColor;
				CODE_SIGN_STYLE = Automatic;
				CURRENT_PROJECT_VERSION = 1;
				DEVELOPMENT_ASSET_PATHS = "\"Spotify/Preview Content\"";
				DEVELOPMENT_TEAM = 335ANAU3W5;
				ENABLE_PREVIEWS = YES;
				GENERATE_INFOPLIST_FILE = YES;
				INFOPLIST_KEY_UIApplicationSceneManifest_Generation = YES;
				INFOPLIST_KEY_UIApplicationSupportsIndirectInputEvents = YES;
				INFOPLIST_KEY_UILaunchScreen_Generation = YES;
				INFOPLIST_KEY_UISupportedInterfaceOrientations_iPad = "UIInterfaceOrientationPortrait UIInterfaceOrientationPortraitUpsideDown UIInterfaceOrientationLandscapeLeft UIInterfaceOrientationLandscapeRight";
				INFOPLIST_KEY_UISupportedInterfaceOrientations_iPhone = "UIInterfaceOrientationPortrait UIInterfaceOrientationLandscapeLeft UIInterfaceOrientationLandscapeRight";
				LD_RUNPATH_SEARCH_PATHS = (
					"$(inherited)",
					"@executable_path/Frameworks",
				);
				MARKETING_VERSION = 1.0;
				PRODUCT_BUNDLE_IDENTIFIER = com.shirashiyani.Spotify;
				PRODUCT_NAME = "$(TARGET_NAME)";
				SWIFT_EMIT_LOC_STRINGS = YES;
				SWIFT_VERSION = 5.0;
				TARGETED_DEVICE_FAMILY = "1,2";
			};
			name = Debug;
		};
		B87FE67C2BCC0C1900EC1E85 /* Release */ = {
			isa = XCBuildConfiguration;
			buildSettings = {
				ASSETCATALOG_COMPILER_APPICON_NAME = AppIcon;
				ASSETCATALOG_COMPILER_GLOBAL_ACCENT_COLOR_NAME = AccentColor;
				CODE_SIGN_STYLE = Automatic;
				CURRENT_PROJECT_VERSION = 1;
				DEVELOPMENT_ASSET_PATHS = "\"Spotify/Preview Content\"";
				DEVELOPMENT_TEAM = 335ANAU3W5;
				ENABLE_PREVIEWS = YES;
				GENERATE_INFOPLIST_FILE = YES;
				INFOPLIST_KEY_UIApplicationSceneManifest_Generation = YES;
				INFOPLIST_KEY_UIApplicationSupportsIndirectInputEvents = YES;
				INFOPLIST_KEY_UILaunchScreen_Generation = YES;
				INFOPLIST_KEY_UISupportedInterfaceOrientations_iPad = "UIInterfaceOrientationPortrait UIInterfaceOrientationPortraitUpsideDown UIInterfaceOrientationLandscapeLeft UIInterfaceOrientationLandscapeRight";
				INFOPLIST_KEY_UISupportedInterfaceOrientations_iPhone = "UIInterfaceOrientationPortrait UIInterfaceOrientationLandscapeLeft UIInterfaceOrientationLandscapeRight";
				LD_RUNPATH_SEARCH_PATHS = (
					"$(inherited)",
					"@executable_path/Frameworks",
				);
				MARKETING_VERSION = 1.0;
				PRODUCT_BUNDLE_IDENTIFIER = com.shirashiyani.Spotify;
				PRODUCT_NAME = "$(TARGET_NAME)";
				SWIFT_EMIT_LOC_STRINGS = YES;
				SWIFT_VERSION = 5.0;
				TARGETED_DEVICE_FAMILY = "1,2";
			};
			name = Release;
		};
		B87FE67E2BCC0C1900EC1E85 /* Debug */ = {
			isa = XCBuildConfiguration;
			buildSettings = {
				ALWAYS_EMBED_SWIFT_STANDARD_LIBRARIES = YES;
				BUNDLE_LOADER = "$(TEST_HOST)";
				CODE_SIGN_STYLE = Automatic;
				CURRENT_PROJECT_VERSION = 1;
				DEVELOPMENT_TEAM = 335ANAU3W5;
				GENERATE_INFOPLIST_FILE = YES;
				IPHONEOS_DEPLOYMENT_TARGET = 17.4;
				MARKETING_VERSION = 1.0;
				PRODUCT_BUNDLE_IDENTIFIER = com.shirashiyani.SpotifyTests;
				PRODUCT_NAME = "$(TARGET_NAME)";
				SWIFT_EMIT_LOC_STRINGS = NO;
				SWIFT_VERSION = 5.0;
				TARGETED_DEVICE_FAMILY = "1,2";
				TEST_HOST = "$(BUILT_PRODUCTS_DIR)/Spotify.app/$(BUNDLE_EXECUTABLE_FOLDER_PATH)/Spotify";
			};
			name = Debug;
		};
		B87FE67F2BCC0C1900EC1E85 /* Release */ = {
			isa = XCBuildConfiguration;
			buildSettings = {
				ALWAYS_EMBED_SWIFT_STANDARD_LIBRARIES = YES;
				BUNDLE_LOADER = "$(TEST_HOST)";
				CODE_SIGN_STYLE = Automatic;
				CURRENT_PROJECT_VERSION = 1;
				DEVELOPMENT_TEAM = 335ANAU3W5;
				GENERATE_INFOPLIST_FILE = YES;
				IPHONEOS_DEPLOYMENT_TARGET = 17.4;
				MARKETING_VERSION = 1.0;
				PRODUCT_BUNDLE_IDENTIFIER = com.shirashiyani.SpotifyTests;
				PRODUCT_NAME = "$(TARGET_NAME)";
				SWIFT_EMIT_LOC_STRINGS = NO;
				SWIFT_VERSION = 5.0;
				TARGETED_DEVICE_FAMILY = "1,2";
				TEST_HOST = "$(BUILT_PRODUCTS_DIR)/Spotify.app/$(BUNDLE_EXECUTABLE_FOLDER_PATH)/Spotify";
			};
			name = Release;
		};
		B87FE6812BCC0C1900EC1E85 /* Debug */ = {
			isa = XCBuildConfiguration;
			buildSettings = {
				ALWAYS_EMBED_SWIFT_STANDARD_LIBRARIES = YES;
				CODE_SIGN_STYLE = Automatic;
				CURRENT_PROJECT_VERSION = 1;
				DEVELOPMENT_TEAM = 335ANAU3W5;
				GENERATE_INFOPLIST_FILE = YES;
				MARKETING_VERSION = 1.0;
				PRODUCT_BUNDLE_IDENTIFIER = com.shirashiyani.SpotifyUITests;
				PRODUCT_NAME = "$(TARGET_NAME)";
				SWIFT_EMIT_LOC_STRINGS = NO;
				SWIFT_VERSION = 5.0;
				TARGETED_DEVICE_FAMILY = "1,2";
				TEST_TARGET_NAME = Spotify;
			};
			name = Debug;
		};
		B87FE6822BCC0C1900EC1E85 /* Release */ = {
			isa = XCBuildConfiguration;
			buildSettings = {
				ALWAYS_EMBED_SWIFT_STANDARD_LIBRARIES = YES;
				CODE_SIGN_STYLE = Automatic;
				CURRENT_PROJECT_VERSION = 1;
				DEVELOPMENT_TEAM = 335ANAU3W5;
				GENERATE_INFOPLIST_FILE = YES;
				MARKETING_VERSION = 1.0;
				PRODUCT_BUNDLE_IDENTIFIER = com.shirashiyani.SpotifyUITests;
				PRODUCT_NAME = "$(TARGET_NAME)";
				SWIFT_EMIT_LOC_STRINGS = NO;
				SWIFT_VERSION = 5.0;
				TARGETED_DEVICE_FAMILY = "1,2";
				TEST_TARGET_NAME = Spotify;
			};
			name = Release;
		};
/* End XCBuildConfiguration section */

/* Begin XCConfigurationList section */
		B87FE6512BCC0C1700EC1E85 /* Build configuration list for PBXProject "Spotify" */ = {
			isa = XCConfigurationList;
			buildConfigurations = (
				B87FE6782BCC0C1900EC1E85 /* Debug */,
				B87FE6792BCC0C1900EC1E85 /* Release */,
			);
			defaultConfigurationIsVisible = 0;
			defaultConfigurationName = Release;
		};
		B87FE67A2BCC0C1900EC1E85 /* Build configuration list for PBXNativeTarget "Spotify" */ = {
			isa = XCConfigurationList;
			buildConfigurations = (
				B87FE67B2BCC0C1900EC1E85 /* Debug */,
				B87FE67C2BCC0C1900EC1E85 /* Release */,
			);
			defaultConfigurationIsVisible = 0;
			defaultConfigurationName = Release;
		};
		B87FE67D2BCC0C1900EC1E85 /* Build configuration list for PBXNativeTarget "SpotifyTests" */ = {
			isa = XCConfigurationList;
			buildConfigurations = (
				B87FE67E2BCC0C1900EC1E85 /* Debug */,
				B87FE67F2BCC0C1900EC1E85 /* Release */,
			);
			defaultConfigurationIsVisible = 0;
			defaultConfigurationName = Release;
		};
		B87FE6802BCC0C1900EC1E85 /* Build configuration list for PBXNativeTarget "SpotifyUITests" */ = {
			isa = XCConfigurationList;
			buildConfigurations = (
				B87FE6812BCC0C1900EC1E85 /* Debug */,
				B87FE6822BCC0C1900EC1E85 /* Release */,
			);
			defaultConfigurationIsVisible = 0;
			defaultConfigurationName = Release;
		};
/* End XCConfigurationList section */
	};
	rootObject = B87FE64E2BCC0C1700EC1E85 /* Project object */;
}
